
Microsoft Visual Studio Solution File, Format Version 12.00
# Visual Studio Version 16
VisualStudioVersion = 25.0.1706.0
MinimumVisualStudioVersion = 10.0.40219.1
Project("{FAE04EC0-301F-11D3-BF4B-00C04F79EFBC}") = "BlazorServer.CarService.SharedModels", "BlazorServer.CarService.Shared\BlazorServer.CarService.SharedModels.csproj", "{D944A19A-31F6-4E1F-8163-4396BF7764DA}"
EndProject
Project("{FAE04EC0-301F-11D3-BF4B-00C04F79EFBC}") = "BlazorServer.CarService.Api", "BlazorServer.CarService.Api\BlazorServer.CarService.Api.csproj", "{B6A62A0C-2E24-4CC6-8B85-FEE52CD751C8}"
EndProject
Project("{FAE04EC0-301F-11D3-BF4B-00C04F79EFBC}") = "BlazorServer.CarService.Web", "BlazorServer.CarService.Web\BlazorServer.CarService.Web.csproj", "{50332C66-CBC7-4823-95F8-6D18A9224C6A}"
EndProject
Global
	GlobalSection(SolutionConfigurationPlatforms) = preSolution
		Debug|Any CPU = Debug|Any CPU
		Release|Any CPU = Release|Any CPU
	EndGlobalSection
	GlobalSection(ProjectConfigurationPlatforms) = postSolution
		{D944A19A-31F6-4E1F-8163-4396BF7764DA}.Debug|Any CPU.ActiveCfg = Debug|Any CPU
		{D944A19A-31F6-4E1F-8163-4396BF7764DA}.Debug|Any CPU.Build.0 = Debug|Any CPU
		{D944A19A-31F6-4E1F-8163-4396BF7764DA}.Release|Any CPU.ActiveCfg = Release|Any CPU
		{D944A19A-31F6-4E1F-8163-4396BF7764DA}.Release|Any CPU.Build.0 = Release|Any CPU
		{B6A62A0C-2E24-4CC6-8B85-FEE52CD751C8}.Debug|Any CPU.ActiveCfg = Debug|Any CPU
		{B6A62A0C-2E24-4CC6-8B85-FEE52CD751C8}.Debug|Any CPU.Build.0 = Debug|Any CPU
		{B6A62A0C-2E24-4CC6-8B85-FEE52CD751C8}.Release|Any CPU.ActiveCfg = Release|Any CPU
		{B6A62A0C-2E24-4CC6-8B85-FEE52CD751C8}.Release|Any CPU.Build.0 = Release|Any CPU
		{50332C66-CBC7-4823-95F8-6D18A9224C6A}.Debug|Any CPU.ActiveCfg = Debug|Any CPU
		{50332C66-CBC7-4823-95F8-6D18A9224C6A}.Debug|Any CPU.Build.0 = Debug|Any CPU
		{50332C66-CBC7-4823-95F8-6D18A9224C6A}.Release|Any CPU.ActiveCfg = Release|Any CPU
		{50332C66-CBC7-4823-95F8-6D18A9224C6A}.Release|Any CPU.Build.0 = Release|Any CPU
	EndGlobalSection
	GlobalSection(SolutionProperties) = preSolution
		HideSolutionNode = FALSE
	EndGlobalSection
	GlobalSection(ExtensibilityGlobals) = postSolution
		SolutionGuid = {704F495B-92E1-4703-8870-67EEBD44D5D8}
	EndGlobalSection
EndGlobal
